
Microsoft Visual Studio Solution File, Format Version 12.00
# Visual Studio Version 17
VisualStudioVersion = 17.11.35222.181
MinimumVisualStudioVersion = 10.0.40219.1
Project("{9A19103F-16F7-4668-BE54-9A1E7A4F7556}") = "FinalProject", "FinalProject\FinalProject.csproj", "{8DBF0D46-AB67-469E-85A8-9F9A35CB037C}"
EndProject
Project("{FAE04EC0-301F-11D3-BF4B-00C04F79EFBC}") = "FinalProject.Test", "FinalProject.Test\FinalProject.Test.csproj", "{42AA81B2-65FF-49E1-AED6-8D3833A641BE}"
EndProject
Global
	GlobalSection(SolutionConfigurationPlatforms) = preSolution
		Debug|Any CPU = Debug|Any CPU
		Release|Any CPU = Release|Any CPU
	EndGlobalSection
	GlobalSection(ProjectConfigurationPlatforms) = postSolution
		{8DBF0D46-AB67-469E-85A8-9F9A35CB037C}.Debug|Any CPU.ActiveCfg = Debug|Any CPU
		{8DBF0D46-AB67-469E-85A8-9F9A35CB037C}.Debug|Any CPU.Build.0 = Debug|Any CPU
		{8DBF0D46-AB67-469E-85A8-9F9A35CB037C}.Release|Any CPU.ActiveCfg = Release|Any CPU
		{8DBF0D46-AB67-469E-85A8-9F9A35CB037C}.Release|Any CPU.Build.0 = Release|Any CPU
		{42AA81B2-65FF-49E1-AED6-8D3833A641BE}.Debug|Any CPU.ActiveCfg = Debug|Any CPU
		{42AA81B2-65FF-49E1-AED6-8D3833A641BE}.Debug|Any CPU.Build.0 = Debug|Any CPU
		{42AA81B2-65FF-49E1-AED6-8D3833A641BE}.Release|Any CPU.ActiveCfg = Release|Any CPU
		{42AA81B2-65FF-49E1-AED6-8D3833A641BE}.Release|Any CPU.Build.0 = Release|Any CPU
	EndGlobalSection
	GlobalSection(SolutionProperties) = preSolution
		HideSolutionNode = FALSE
	EndGlobalSection
	GlobalSection(ExtensibilityGlobals) = postSolution
		SolutionGuid = {3EEB716D-5BE4-4E0F-A466-B67B30426E6F}
	EndGlobalSection
EndGlobal
